
Microsoft Visual Studio Solution File, Format Version 12.00
# Visual Studio Version 16
VisualStudioVersion = 16.0.31005.135
MinimumVisualStudioVersion = 10.0.40219.1
Project("{FAE04EC0-301F-11D3-BF4B-00C04F79EFBC}") = "MVCfacturacion", "MVCfacturacion\MVCfacturacion.csproj", "{4C2563B4-6F20-4ED2-85D5-0FBC1E157A04}"
EndProject
Global
	GlobalSection(SolutionConfigurationPlatforms) = preSolution
		Debug|Any CPU = Debug|Any CPU
		Release|Any CPU = Release|Any CPU
	EndGlobalSection
	GlobalSection(ProjectConfigurationPlatforms) = postSolution
		{4C2563B4-6F20-4ED2-85D5-0FBC1E157A04}.Debug|Any CPU.ActiveCfg = Debug|Any CPU
		{4C2563B4-6F20-4ED2-85D5-0FBC1E157A04}.Debug|Any CPU.Build.0 = Debug|Any CPU
		{4C2563B4-6F20-4ED2-85D5-0FBC1E157A04}.Release|Any CPU.ActiveCfg = Release|Any CPU
		{4C2563B4-6F20-4ED2-85D5-0FBC1E157A04}.Release|Any CPU.Build.0 = Release|Any CPU
	EndGlobalSection
	GlobalSection(SolutionProperties) = preSolution
		HideSolutionNode = FALSE
	EndGlobalSection
	GlobalSection(ExtensibilityGlobals) = postSolution
		SolutionGuid = {451DF0EF-BC82-4DB1-8A59-4E2260C78F61}
	EndGlobalSection
EndGlobal
